// !$*UTF8*$!
{
	archiveVersion = 1;
	classes = {
	};
	objectVersion = 55;
	objects = {

/* Begin PBXBuildFile section */
		6ABA54E327E5AC4B00B94707 /* AppDelegate.swift in Sources */ = {isa = PBXBuildFile; fileRef = 6ABA54E227E5AC4B00B94707 /* AppDelegate.swift */; };
		6ABA54E527E5AC4B00B94707 /* SceneDelegate.swift in Sources */ = {isa = PBXBuildFile; fileRef = 6ABA54E427E5AC4B00B94707 /* SceneDelegate.swift */; };
		6ABA54E727E5AC4B00B94707 /* ViewController.swift in Sources */ = {isa = PBXBuildFile; fileRef = 6ABA54E627E5AC4B00B94707 /* ViewController.swift */; };
		6ABA54EA27E5AC4B00B94707 /* Main.storyboard in Resources */ = {isa = PBXBuildFile; fileRef = 6ABA54E827E5AC4B00B94707 /* Main.storyboard */; };
		6ABA54EC27E5AC4E00B94707 /* Assets.xcassets in Resources */ = {isa = PBXBuildFile; fileRef = 6ABA54EB27E5AC4E00B94707 /* Assets.xcassets */; };
		6ABA54EF27E5AC4E00B94707 /* LaunchScreen.storyboard in Resources */ = {isa = PBXBuildFile; fileRef = 6ABA54ED27E5AC4E00B94707 /* LaunchScreen.storyboard */; };
		6ABA54F727E5AFBD00B94707 /* Connection.swift in Sources */ = {isa = PBXBuildFile; fileRef = 6ABA54F627E5AFBD00B94707 /* Connection.swift */; };
		6ABA54F927E5B12500B94707 /* ForecastDetails.swift in Sources */ = {isa = PBXBuildFile; fileRef = 6ABA54F827E5B12500B94707 /* ForecastDetails.swift */; };
		6ABA54FB27E5D2E700B94707 /* Constants.swift in Sources */ = {isa = PBXBuildFile; fileRef = 6ABA54FA27E5D2E700B94707 /* Constants.swift */; };
/* End PBXBuildFile section */

/* Begin PBXFileReference section */
		6ABA54DF27E5AC4B00B94707 /* ForecastTask.app */ = {isa = PBXFileReference; explicitFileType = wrapper.application; includeInIndex = 0; path = ForecastTask.app; sourceTree = BUILT_PRODUCTS_DIR; };
		6ABA54E227E5AC4B00B94707 /* AppDelegate.swift */ = {isa = PBXFileReference; lastKnownFileType = sourcecode.swift; path = AppDelegate.swift; sourceTree = "<group>"; };
		6ABA54E427E5AC4B00B94707 /* SceneDelegate.swift */ = {isa = PBXFileReference; lastKnownFileType = sourcecode.swift; path = SceneDelegate.swift; sourceTree = "<group>"; };
		6ABA54E627E5AC4B00B94707 /* ViewController.swift */ = {isa = PBXFileReference; lastKnownFileType = sourcecode.swift; path = ViewController.swift; sourceTree = "<group>"; };
		6ABA54E927E5AC4B00B94707 /* Base */ = {isa = PBXFileReference; lastKnownFileType = file.storyboard; name = Base; path = Base.lproj/Main.storyboard; sourceTree = "<group>"; };
		6ABA54EB27E5AC4E00B94707 /* Assets.xcassets */ = {isa = PBXFileReference; lastKnownFileType = folder.assetcatalog; path = Assets.xcassets; sourceTree = "<group>"; };
		6ABA54EE27E5AC4E00B94707 /* Base */ = {isa = PBXFileReference; lastKnownFileType = file.storyboard; name = Base; path = Base.lproj/LaunchScreen.storyboard; sourceTree = "<group>"; };
		6ABA54F027E5AC4E00B94707 /* Info.plist */ = {isa = PBXFileReference; lastKnownFileType = text.plist.xml; path = Info.plist; sourceTree = "<group>"; };
		6ABA54F627E5AFBD00B94707 /* Connection.swift */ = {isa = PBXFileReference; lastKnownFileType = sourcecode.swift; path = Connection.swift; sourceTree = "<group>"; };
		6ABA54F827E5B12500B94707 /* ForecastDetails.swift */ = {isa = PBXFileReference; lastKnownFileType = sourcecode.swift; path = ForecastDetails.swift; sourceTree = "<group>"; };
		6ABA54FA27E5D2E700B94707 /* Constants.swift */ = {isa = PBXFileReference; lastKnownFileType = sourcecode.swift; path = Constants.swift; sourceTree = "<group>"; };
/* End PBXFileReference section */

/* Begin PBXFrameworksBuildPhase section */
		6ABA54DC27E5AC4B00B94707 /* Frameworks */ = {
			isa = PBXFrameworksBuildPhase;
			buildActionMask = 2147483647;
			files = (
			);
			runOnlyForDeploymentPostprocessing = 0;
		};
/* End PBXFrameworksBuildPhase section */

/* Begin PBXGroup section */
		6ABA54D627E5AC4B00B94707 = {
			isa = PBXGroup;
			children = (
				6ABA54E127E5AC4B00B94707 /* ForecastTask */,
				6ABA54E027E5AC4B00B94707 /* Products */,
			);
			sourceTree = "<group>";
		};
		6ABA54E027E5AC4B00B94707 /* Products */ = {
			isa = PBXGroup;
			children = (
				6ABA54DF27E5AC4B00B94707 /* ForecastTask.app */,
			);
			name = Products;
			sourceTree = "<group>";
		};
		6ABA54E127E5AC4B00B94707 /* ForecastTask */ = {
			isa = PBXGroup;
			children = (
				6ABA54E227E5AC4B00B94707 /* AppDelegate.swift */,
				6ABA54E427E5AC4B00B94707 /* SceneDelegate.swift */,
				6ABA54E627E5AC4B00B94707 /* ViewController.swift */,
				6ABA54F627E5AFBD00B94707 /* Connection.swift */,
				6ABA54FA27E5D2E700B94707 /* Constants.swift */,
				6ABA54F827E5B12500B94707 /* ForecastDetails.swift */,
				6ABA54E827E5AC4B00B94707 /* Main.storyboard */,
				6ABA54EB27E5AC4E00B94707 /* Assets.xcassets */,
				6ABA54ED27E5AC4E00B94707 /* LaunchScreen.storyboard */,
				6ABA54F027E5AC4E00B94707 /* Info.plist */,
			);
			path = ForecastTask;
			sourceTree = "<group>";
		};
/* End PBXGroup section */

/* Begin PBXNativeTarget section */
		6ABA54DE27E5AC4B00B94707 /* ForecastTask */ = {
			isa = PBXNativeTarget;
			buildConfigurationList = 6ABA54F327E5AC4E00B94707 /* Build configuration list for PBXNativeTarget "ForecastTask" */;
			buildPhases = (
				6ABA54DB27E5AC4B00B94707 /* Sources */,
				6ABA54DC27E5AC4B00B94707 /* Frameworks */,
				6ABA54DD27E5AC4B00B94707 /* Resources */,
			);
			buildRules = (
			);
			dependencies = (
			);
			name = ForecastTask;
			productName = ForecastTask;
			productReference = 6ABA54DF27E5AC4B00B94707 /* ForecastTask.app */;
			productType = "com.apple.product-type.application";
		};
/* End PBXNativeTarget section */

/* Begin PBXProject section */
		6ABA54D727E5AC4B00B94707 /* Project object */ = {
			isa = PBXProject;
			attributes = {
				BuildIndependentTargetsInParallel = 1;
				LastSwiftUpdateCheck = 1310;
				LastUpgradeCheck = 1310;
				TargetAttributes = {
					6ABA54DE27E5AC4B00B94707 = {
						CreatedOnToolsVersion = 13.1;
					};
				};
			};
			buildConfigurationList = 6ABA54DA27E5AC4B00B94707 /* Build configuration list for PBXProject "ForecastTask" */;
			compatibilityVersion = "Xcode 13.0";
			developmentRegion = en;
			hasScannedForEncodings = 0;
			knownRegions = (
				en,
				Base,
			);
			mainGroup = 6ABA54D627E5AC4B00B94707;
			productRefGroup = 6ABA54E027E5AC4B00B94707 /* Products */;
			projectDirPath = "";
			projectRoot = "";
			targets = (
				6ABA54DE27E5AC4B00B94707 /* ForecastTask */,
			);
		};
/* End PBXProject section */

/* Begin PBXResourcesBuildPhase section */
		6ABA54DD27E5AC4B00B94707 /* Resources */ = {
			isa = PBXResourcesBuildPhase;
			buildActionMask = 2147483647;
			files = (
				6ABA54EF27E5AC4E00B94707 /* LaunchScreen.storyboard in Resources */,
				6ABA54EC27E5AC4E00B94707 /* Assets.xcassets in Resources */,
				6ABA54EA27E5AC4B00B94707 /* Main.storyboard in Resources */,
			);
			runOnlyForDeploymentPostprocessing = 0;
		};
/* End PBXResourcesBuildPhase section */

/* Begin PBXSourcesBuildPhase section */
		6ABA54DB27E5AC4B00B94707 /* Sources */ = {
			isa = PBXSourcesBuildPhase;
			buildActionMask = 2147483647;
			files = (
				6ABA54E727E5AC4B00B94707 /* ViewController.swift in Sources */,
				6ABA54E327E5AC4B00B94707 /* AppDelegate.swift in Sources */,
				6ABA54F927E5B12500B94707 /* ForecastDetails.swift in Sources */,
				6ABA54E527E5AC4B00B94707 /* SceneDelegate.swift in Sources */,
				6ABA54F727E5AFBD00B94707 /* Connection.swift in Sources */,
				6ABA54FB27E5D2E700B94707 /* Constants.swift in Sources */,
			);
			runOnlyForDeploymentPostprocessing = 0;
		};
/* End PBXSourcesBuildPhase section */

/* Begin PBXVariantGroup section */
		6ABA54E827E5AC4B00B94707 /* Main.storyboard */ = {
			isa = PBXVariantGroup;
			children = (
				6ABA54E927E5AC4B00B94707 /* Base */,
			);
			name = Main.storyboard;
			sourceTree = "<group>";
		};
		6ABA54ED27E5AC4E00B94707 /* LaunchScreen.storyboard */ = {
			isa = PBXVariantGroup;
			children = (
				6ABA54EE27E5AC4E00B94707 /* Base */,
			);
			name = LaunchScreen.storyboard;
			sourceTree = "<group>";
		};
/* End PBXVariantGroup section */

/* Begin XCBuildConfiguration section */
		6ABA54F127E5AC4E00B94707 /* Debug */ = {
			isa = XCBuildConfiguration;
			buildSettings = {
				ALWAYS_SEARCH_USER_PATHS = NO;
				CLANG_ANALYZER_NONNULL = YES;
				CLANG_ANALYZER_NUMBER_OBJECT_CONVERSION = YES_AGGRESSIVE;
				CLANG_CXX_LANGUAGE_STANDARD = "gnu++17";
				CLANG_CXX_LIBRARY = "libc++";
				CLANG_ENABLE_MODULES = YES;
				CLANG_ENABLE_OBJC_ARC = YES;
				CLANG_ENABLE_OBJC_WEAK = YES;
				CLANG_WARN_BLOCK_CAPTURE_AUTORELEASING = YES;
				CLANG_WARN_BOOL_CONVERSION = YES;
				CLANG_WARN_COMMA = YES;
				CLANG_WARN_CONSTANT_CONVERSION = YES;
				CLANG_WARN_DEPRECATED_OBJC_IMPLEMENTATIONS = YES;
				CLANG_WARN_DIRECT_OBJC_ISA_USAGE = YES_ERROR;
				CLANG_WARN_DOCUMENTATION_COMMENTS = YES;
				CLANG_WARN_EMPTY_BODY = YES;
				CLANG_WARN_ENUM_CONVERSION = YES;
				CLANG_WARN_INFINITE_RECURSION = YES;
				CLANG_WARN_INT_CONVERSION = YES;
				CLANG_WARN_NON_LITERAL_NULL_CONVERSION = YES;
				CLANG_WARN_OBJC_IMPLICIT_RETAIN_SELF = YES;
				CLANG_WARN_OBJC_LITERAL_CONVERSION = YES;
				CLANG_WARN_OBJC_ROOT_CLASS = YES_ERROR;
				CLANG_WARN_QUOTED_INCLUDE_IN_FRAMEWORK_HEADER = YES;
				CLANG_WARN_RANGE_LOOP_ANALYSIS = YES;
				CLANG_WARN_STRICT_PROTOTYPES = YES;
				CLANG_WARN_SUSPICIOUS_MOVE = YES;
				CLANG_WARN_UNGUARDED_AVAILABILITY = YES_AGGRESSIVE;
				CLANG_WARN_UNREACHABLE_CODE = YES;
				CLANG_WARN__DUPLICATE_METHOD_MATCH = YES;
				COPY_PHASE_STRIP = NO;
				DEBUG_INFORMATION_FORMAT = dwarf;
				ENABLE_STRICT_OBJC_MSGSEND = YES;
				ENABLE_TESTABILITY = YES;
				GCC_C_LANGUAGE_STANDARD = gnu11;
				GCC_DYNAMIC_NO_PIC = NO;
				GCC_NO_COMMON_BLOCKS = YES;
				GCC_OPTIMIZATION_LEVEL = 0;
				GCC_PREPROCESSOR_DEFINITIONS = (
					"DEBUG=1",
					"$(inherited)",
				);
				GCC_WARN_64_TO_32_BIT_CONVERSION = YES;
				GCC_WARN_ABOUT_RETURN_TYPE = YES_ERROR;
				GCC_WARN_UNDECLARED_SELECTOR = YES;
				GCC_WARN_UNINITIALIZED_AUTOS = YES_AGGRESSIVE;
				GCC_WARN_UNUSED_FUNCTION = YES;
				GCC_WARN_UNUSED_VARIABLE = YES;
				IPHONEOS_DEPLOYMENT_TARGET = 15.0;
				MTL_ENABLE_DEBUG_INFO = INCLUDE_SOURCE;
				MTL_FAST_MATH = YES;
				ONLY_ACTIVE_ARCH = YES;
				SDKROOT = iphoneos;
				SWIFT_ACTIVE_COMPILATION_CONDITIONS = DEBUG;
				SWIFT_OPTIMIZATION_LEVEL = "-Onone";
			};
			name = Debug;
		};
		6ABA54F227E5AC4E00B94707 /* Release */ = {
			isa = XCBuildConfiguration;
			buildSettings = {
				ALWAYS_SEARCH_USER_PATHS = NO;
				CLANG_ANALYZER_NONNULL = YES;
				CLANG_ANALYZER_NUMBER_OBJECT_CONVERSION = YES_AGGRESSIVE;
				CLANG_CXX_LANGUAGE_STANDARD = "gnu++17";
				CLANG_CXX_LIBRARY = "libc++";
				CLANG_ENABLE_MODULES = YES;
				CLANG_ENABLE_OBJC_ARC = YES;
				CLANG_ENABLE_OBJC_WEAK = YES;
				CLANG_WARN_BLOCK_CAPTURE_AUTORELEASING = YES;
				CLANG_WARN_BOOL_CONVERSION = YES;
				CLANG_WARN_COMMA = YES;
				CLANG_WARN_CONSTANT_CONVERSION = YES;
				CLANG_WARN_DEPRECATED_OBJC_IMPLEMENTATIONS = YES;
				CLANG_WARN_DIRECT_OBJC_ISA_USAGE = YES_ERROR;
				CLANG_WARN_DOCUMENTATION_COMMENTS = YES;
				CLANG_WARN_EMPTY_BODY = YES;
				CLANG_WARN_ENUM_CONVERSION = YES;
				CLANG_WARN_INFINITE_RECURSION = YES;
				CLANG_WARN_INT_CONVERSION = YES;
				CLANG_WARN_NON_LITERAL_NULL_CONVERSION = YES;
				CLANG_WARN_OBJC_IMPLICIT_RETAIN_SELF = YES;
				CLANG_WARN_OBJC_LITERAL_CONVERSION = YES;
				CLANG_WARN_OBJC_ROOT_CLASS = YES_ERROR;
				CLANG_WARN_QUOTED_INCLUDE_IN_FRAMEWORK_HEADER = YES;
				CLANG_WARN_RANGE_LOOP_ANALYSIS = YES;
				CLANG_WARN_STRICT_PROTOTYPES = YES;
				CLANG_WARN_SUSPICIOUS_MOVE = YES;
				CLANG_WARN_UNGUARDED_AVAILABILITY = YES_AGGRESSIVE;
				CLANG_WARN_UNREACHABLE_CODE = YES;
				CLANG_WARN__DUPLICATE_METHOD_MATCH = YES;
				COPY_PHASE_STRIP = NO;
				DEBUG_INFORMATION_FORMAT = "dwarf-with-dsym";
				ENABLE_NS_ASSERTIONS = NO;
				ENABLE_STRICT_OBJC_MSGSEND = YES;
				GCC_C_LANGUAGE_STANDARD = gnu11;
				GCC_NO_COMMON_BLOCKS = YES;
				GCC_WARN_64_TO_32_BIT_CONVERSION = YES;
				GCC_WARN_ABOUT_RETURN_TYPE = YES_ERROR;
				GCC_WARN_UNDECLARED_SELECTOR = YES;
				GCC_WARN_UNINITIALIZED_AUTOS = YES_AGGRESSIVE;
				GCC_WARN_UNUSED_FUNCTION = YES;
				GCC_WARN_UNUSED_VARIABLE = YES;
				IPHONEOS_DEPLOYMENT_TARGET = 15.0;
				MTL_ENABLE_DEBUG_INFO = NO;
				MTL_FAST_MATH = YES;
				SDKROOT = iphoneos;
				SWIFT_COMPILATION_MODE = wholemodule;
				SWIFT_OPTIMIZATION_LEVEL = "-O";
				VALIDATE_PRODUCT = YES;
			};
			name = Release;
		};
		6ABA54F427E5AC4E00B94707 /* Debug */ = {
			isa = XCBuildConfiguration;
			buildSettings = {
				ASSETCATALOG_COMPILER_APPICON_NAME = AppIcon;
				ASSETCATALOG_COMPILER_GLOBAL_ACCENT_COLOR_NAME = AccentColor;
				CODE_SIGN_IDENTITY = "Apple Development";
				CODE_SIGN_STYLE = Automatic;
				CURRENT_PROJECT_VERSION = 1;
				DEVELOPMENT_TEAM = "";
				GENERATE_INFOPLIST_FILE = YES;
				INFOPLIST_FILE = ForecastTask/Info.plist;
				INFOPLIST_KEY_UIApplicationSupportsIndirectInputEvents = YES;
				INFOPLIST_KEY_UILaunchStoryboardName = LaunchScreen;
				INFOPLIST_KEY_UIMainStoryboardFile = Main;
				INFOPLIST_KEY_UISupportedInterfaceOrientations = "UIInterfaceOrientationPortrait UIInterfaceOrientationLandscapeLeft UIInterfaceOrientationLandscapeRight";
				INFOPLIST_KEY_UISupportedInterfaceOrientations_iPad = "UIInterfaceOrientationPortrait UIInterfaceOrientationPortraitUpsideDown UIInterfaceOrientationLandscapeLeft UIInterfaceOrientationLandscapeRight";
				INFOPLIST_KEY_UISupportedInterfaceOrientations_iPhone = "UIInterfaceOrientationPortrait UIInterfaceOrientationLandscapeLeft UIInterfaceOrientationLandscapeRight";
				LD_RUNPATH_SEARCH_PATHS = (
					"$(inherited)",
					"@executable_path/Frameworks",
				);
				MARKETING_VERSION = 1.0;
				PRODUCT_BUNDLE_IDENTIFIER = com.SoftwareGroup.ForecastTask;
				PRODUCT_NAME = "$(TARGET_NAME)";
				PROVISIONING_PROFILE_SPECIFIER = "";
				SWIFT_EMIT_LOC_STRINGS = YES;
				SWIFT_VERSION = 5.0;
				TARGETED_DEVICE_FAMILY = 1;
			};
			name = Debug;
		};
		6ABA54F527E5AC4E00B94707 /* Release */ = {
			isa = XCBuildConfiguration;
			buildSettings = {
				ASSETCATALOG_COMPILER_APPICON_NAME = AppIcon;
				ASSETCATALOG_COMPILER_GLOBAL_ACCENT_COLOR_NAME = AccentColor;
				CODE_SIGN_IDENTITY = "Apple Development";
				CODE_SIGN_STYLE = Automatic;
				CURRENT_PROJECT_VERSION = 1;
				DEVELOPMENT_TEAM = "";
				GENERATE_INFOPLIST_FILE = YES;
				INFOPLIST_FILE = ForecastTask/Info.plist;
				INFOPLIST_KEY_UIApplicationSupportsIndirectInputEvents = YES;
				INFOPLIST_KEY_UILaunchStoryboardName = LaunchScreen;
				INFOPLIST_KEY_UIMainStoryboardFile = Main;
				INFOPLIST_KEY_UISupportedInterfaceOrientations = "UIInterfaceOrientationPortrait UIInterfaceOrientationLandscapeLeft UIInterfaceOrientationLandscapeRight";
				INFOPLIST_KEY_UISupportedInterfaceOrientations_iPad = "UIInterfaceOrientationPortrait UIInterfaceOrientationPortraitUpsideDown UIInterfaceOrientationLandscapeLeft UIInterfaceOrientationLandscapeRight";
				INFOPLIST_KEY_UISupportedInterfaceOrientations_iPhone = "UIInterfaceOrientationPortrait UIInterfaceOrientationLandscapeLeft UIInterfaceOrientationLandscapeRight";
				LD_RUNPATH_SEARCH_PATHS = (
					"$(inherited)",
					"@executable_path/Frameworks",
				);
				MARKETING_VERSION = 1.0;
				PRODUCT_BUNDLE_IDENTIFIER = com.SoftwareGroup.ForecastTask;
				PRODUCT_NAME = "$(TARGET_NAME)";
				PROVISIONING_PROFILE_SPECIFIER = "";
				SWIFT_EMIT_LOC_STRINGS = YES;
				SWIFT_VERSION = 5.0;
				TARGETED_DEVICE_FAMILY = 1;
			};
			name = Release;
		};
/* End XCBuildConfiguration section */

/* Begin XCConfigurationList section */
		6ABA54DA27E5AC4B00B94707 /* Build configuration list for PBXProject "ForecastTask" */ = {
			isa = XCConfigurationList;
			buildConfigurations = (
				6ABA54F127E5AC4E00B94707 /* Debug */,
				6ABA54F227E5AC4E00B94707 /* Release */,
			);
			defaultConfigurationIsVisible = 0;
			defaultConfigurationName = Release;
		};
		6ABA54F327E5AC4E00B94707 /* Build configuration list for PBXNativeTarget "ForecastTask" */ = {
			isa = XCConfigurationList;
			buildConfigurations = (
				6ABA54F427E5AC4E00B94707 /* Debug */,
				6ABA54F527E5AC4E00B94707 /* Release */,
			);
			defaultConfigurationIsVisible = 0;
			defaultConfigurationName = Release;
		};
/* End XCConfigurationList section */
	};
	rootObject = 6ABA54D727E5AC4B00B94707 /* Project object */;
}
